// !$*UTF8*$!
{
	archiveVersion = 1;
	classes = {
	};
	objectVersion = 46;
	objects = {

/* Begin PBXBuildFile section */
		7721570F1759FFDD00953C2B /* RensouCell.m in Sources */ = {isa = PBXBuildFile; fileRef = 7721570E1759FFDD00953C2B /* RensouCell.m */; };
		77215714175A2CAE00953C2B /* UIColor+Hex.m in Sources */ = {isa = PBXBuildFile; fileRef = 77215713175A2CAE00953C2B /* UIColor+Hex.m */; };
		7746571516E34AF000ACD435 /* UIKit.framework in Frameworks */ = {isa = PBXBuildFile; fileRef = 7746571416E34AF000ACD435 /* UIKit.framework */; };
		7746571716E34AF000ACD435 /* Foundation.framework in Frameworks */ = {isa = PBXBuildFile; fileRef = 7746571616E34AF000ACD435 /* Foundation.framework */; };
		7746571916E34AF000ACD435 /* CoreGraphics.framework in Frameworks */ = {isa = PBXBuildFile; fileRef = 7746571816E34AF000ACD435 /* CoreGraphics.framework */; };
		7746571F16E34AF000ACD435 /* InfoPlist.strings in Resources */ = {isa = PBXBuildFile; fileRef = 7746571D16E34AF000ACD435 /* InfoPlist.strings */; };
		7746572116E34AF000ACD435 /* main.m in Sources */ = {isa = PBXBuildFile; fileRef = 7746572016E34AF000ACD435 /* main.m */; };
		7746572516E34AF000ACD435 /* AppDelegate.m in Sources */ = {isa = PBXBuildFile; fileRef = 7746572416E34AF000ACD435 /* AppDelegate.m */; };
		7746572716E34AF000ACD435 /* Default.png in Resources */ = {isa = PBXBuildFile; fileRef = 7746572616E34AF000ACD435 /* Default.png */; };
		7746572916E34AF000ACD435 /* Default@2x.png in Resources */ = {isa = PBXBuildFile; fileRef = 7746572816E34AF000ACD435 /* Default@2x.png */; };
		7746572B16E34AF000ACD435 /* Default-568h@2x.png in Resources */ = {isa = PBXBuildFile; fileRef = 7746572A16E34AF000ACD435 /* Default-568h@2x.png */; };
		7746573916E34AF000ACD435 /* SenTestingKit.framework in Frameworks */ = {isa = PBXBuildFile; fileRef = 7746573816E34AF000ACD435 /* SenTestingKit.framework */; };
		7746573A16E34AF000ACD435 /* UIKit.framework in Frameworks */ = {isa = PBXBuildFile; fileRef = 7746571416E34AF000ACD435 /* UIKit.framework */; };
		7746573B16E34AF000ACD435 /* Foundation.framework in Frameworks */ = {isa = PBXBuildFile; fileRef = 7746571616E34AF000ACD435 /* Foundation.framework */; };
		7746574316E34AF000ACD435 /* InfoPlist.strings in Resources */ = {isa = PBXBuildFile; fileRef = 7746574116E34AF000ACD435 /* InfoPlist.strings */; };
		7746574616E34AF000ACD435 /* rensouTests.m in Sources */ = {isa = PBXBuildFile; fileRef = 7746574516E34AF000ACD435 /* rensouTests.m */; };
		7746575A16E3533200ACD435 /* TopViewController.m in Sources */ = {isa = PBXBuildFile; fileRef = 7746575816E3533200ACD435 /* TopViewController.m */; };
		7746575B16E3533200ACD435 /* TopViewController.xib in Resources */ = {isa = PBXBuildFile; fileRef = 7746575916E3533200ACD435 /* TopViewController.xib */; };
		7746575F16E3534F00ACD435 /* ResultViewController.m in Sources */ = {isa = PBXBuildFile; fileRef = 7746575D16E3534F00ACD435 /* ResultViewController.m */; };
		7746576016E3534F00ACD435 /* ResultViewController.xib in Resources */ = {isa = PBXBuildFile; fileRef = 7746575E16E3534F00ACD435 /* ResultViewController.xib */; };
		776AE0D21753ABA20073351A /* Rensou.m in Sources */ = {isa = PBXBuildFile; fileRef = 776AE0D11753ABA20073351A /* Rensou.m */; };
		776AE0D617599E500073351A /* RensouNetworkEngine.m in Sources */ = {isa = PBXBuildFile; fileRef = 776AE0D517599E500073351A /* RensouNetworkEngine.m */; };
		777DF31B176313A000AAF1C3 /* icon.png in Resources */ = {isa = PBXBuildFile; fileRef = 777DF31A176313A000AAF1C3 /* icon.png */; };
		777DF31D176313A300AAF1C3 /* icon@2x.png in Resources */ = {isa = PBXBuildFile; fileRef = 777DF31C176313A300AAF1C3 /* icon@2x.png */; };
		777DF322176380F900AAF1C3 /* InfoPlistProperty.m in Sources */ = {isa = PBXBuildFile; fileRef = 777DF321176380F900AAF1C3 /* InfoPlistProperty.m */; };
		777DF3251763FC1D00AAF1C3 /* RSNotification.m in Sources */ = {isa = PBXBuildFile; fileRef = 777DF3241763FC1D00AAF1C3 /* RSNotification.m */; };
		777DF32D17640E3D00AAF1C3 /* navigation_bg_top.png in Resources */ = {isa = PBXBuildFile; fileRef = 777DF32B17640E3D00AAF1C3 /* navigation_bg_top.png */; };
		777DF32E17640E3D00AAF1C3 /* navigation_bg_top@2x.png in Resources */ = {isa = PBXBuildFile; fileRef = 777DF32C17640E3D00AAF1C3 /* navigation_bg_top@2x.png */; };
		777DF33117640EE500AAF1C3 /* navigation_bg_result.png in Resources */ = {isa = PBXBuildFile; fileRef = 777DF32F17640EE500AAF1C3 /* navigation_bg_result.png */; };
		777DF33217640EE500AAF1C3 /* navigation_bg_result@2x.png in Resources */ = {isa = PBXBuildFile; fileRef = 777DF33017640EE500AAF1C3 /* navigation_bg_result@2x.png */; };
		777DF335176416BA00AAF1C3 /* navigation_back.png in Resources */ = {isa = PBXBuildFile; fileRef = 777DF333176416BA00AAF1C3 /* navigation_back.png */; };
		777DF336176416BA00AAF1C3 /* navigation_back@2x.png in Resources */ = {isa = PBXBuildFile; fileRef = 777DF334176416BA00AAF1C3 /* navigation_back@2x.png */; };
		777DF3391764235200AAF1C3 /* button_submit.png in Resources */ = {isa = PBXBuildFile; fileRef = 777DF3371764235200AAF1C3 /* button_submit.png */; };
		777DF33A1764235200AAF1C3 /* button_submit@2x.png in Resources */ = {isa = PBXBuildFile; fileRef = 777DF3381764235200AAF1C3 /* button_submit@2x.png */; };
		777DF33D176426A600AAF1C3 /* sub_text.png in Resources */ = {isa = PBXBuildFile; fileRef = 777DF33B176426A600AAF1C3 /* sub_text.png */; };
		777DF33E176426A600AAF1C3 /* sub_text@2x.png in Resources */ = {isa = PBXBuildFile; fileRef = 777DF33C176426A600AAF1C3 /* sub_text@2x.png */; };
		779391FD177B2E8500C6067D /* rensou_cell_bg.png in Resources */ = {isa = PBXBuildFile; fileRef = 779391FB177B2E8500C6067D /* rensou_cell_bg.png */; };
		779391FE177B2E8500C6067D /* rensou_cell_bg@2x.png in Resources */ = {isa = PBXBuildFile; fileRef = 779391FC177B2E8500C6067D /* rensou_cell_bg@2x.png */; };
		77939201177B3A2F00C6067D /* rensou_cell_bg2.png in Resources */ = {isa = PBXBuildFile; fileRef = 779391FF177B3A2F00C6067D /* rensou_cell_bg2.png */; };
		77939202177B3A2F00C6067D /* rensou_cell_bg2@2x.png in Resources */ = {isa = PBXBuildFile; fileRef = 77939200177B3A2F00C6067D /* rensou_cell_bg2@2x.png */; };
		77939205177C729F00C6067D /* top_bg.png in Resources */ = {isa = PBXBuildFile; fileRef = 77939203177C729F00C6067D /* top_bg.png */; };
		77939206177C729F00C6067D /* top_bg@2x.png in Resources */ = {isa = PBXBuildFile; fileRef = 77939204177C729F00C6067D /* top_bg@2x.png */; };
		77952AF716F979A10025F785 /* NSAlert+MKNetworkKitAdditions.m in Sources */ = {isa = PBXBuildFile; fileRef = 77952AE216F979A10025F785 /* NSAlert+MKNetworkKitAdditions.m */; };
		77952AF816F979A10025F785 /* NSData+MKBase64.m in Sources */ = {isa = PBXBuildFile; fileRef = 77952AE416F979A10025F785 /* NSData+MKBase64.m */; };
		77952AF916F979A10025F785 /* NSDate+RFC1123.m in Sources */ = {isa = PBXBuildFile; fileRef = 77952AE616F979A10025F785 /* NSDate+RFC1123.m */; };
		77952AFA16F979A10025F785 /* NSDictionary+RequestEncoding.m in Sources */ = {isa = PBXBuildFile; fileRef = 77952AE816F979A10025F785 /* NSDictionary+RequestEncoding.m */; };
		77952AFB16F979A10025F785 /* NSString+MKNetworkKitAdditions.m in Sources */ = {isa = PBXBuildFile; fileRef = 77952AEA16F979A10025F785 /* NSString+MKNetworkKitAdditions.m */; };
		77952AFC16F979A10025F785 /* UIAlertView+MKNetworkKitAdditions.m in Sources */ = {isa = PBXBuildFile; fileRef = 77952AEC16F979A10025F785 /* UIAlertView+MKNetworkKitAdditions.m */; };
		77952AFD16F979A10025F785 /* UIImageView+MKNetworkKitAdditions.m in Sources */ = {isa = PBXBuildFile; fileRef = 77952AEE16F979A10025F785 /* UIImageView+MKNetworkKitAdditions.m */; };
		77952AFE16F979A10025F785 /* MKNetworkEngine.m in Sources */ = {isa = PBXBuildFile; fileRef = 77952AF016F979A10025F785 /* MKNetworkEngine.m */; };
		77952AFF16F979A10025F785 /* MKNetworkOperation.m in Sources */ = {isa = PBXBuildFile; fileRef = 77952AF316F979A10025F785 /* MKNetworkOperation.m */; };
		77952B0016F979A10025F785 /* Reachability.m in Sources */ = {isa = PBXBuildFile; fileRef = 77952AF616F979A10025F785 /* Reachability.m */; };
		77952B0216F979C30025F785 /* CFNetwork.framework in Frameworks */ = {isa = PBXBuildFile; fileRef = 77952B0116F979C30025F785 /* CFNetwork.framework */; };
		77952B0416F979CD0025F785 /* SystemConfiguration.framework in Frameworks */ = {isa = PBXBuildFile; fileRef = 77952B0316F979CD0025F785 /* SystemConfiguration.framework */; };
		77952B0616F979D80025F785 /* Security.framework in Frameworks */ = {isa = PBXBuildFile; fileRef = 77952B0516F979D80025F785 /* Security.framework */; };
		779B827A177E8259002DB143 /* libGoogleAdMobAds.a in Frameworks */ = {isa = PBXBuildFile; fileRef = 779B8249177E8259002DB143 /* libGoogleAdMobAds.a */; };
		779B8280177E8290002DB143 /* StoreKit.framework in Frameworks */ = {isa = PBXBuildFile; fileRef = 779B827F177E8290002DB143 /* StoreKit.framework */; };
		779B8282177E829A002DB143 /* AudioToolbox.framework in Frameworks */ = {isa = PBXBuildFile; fileRef = 779B8281177E829A002DB143 /* AudioToolbox.framework */; };
		779B8284177E82A4002DB143 /* MessageUI.framework in Frameworks */ = {isa = PBXBuildFile; fileRef = 779B8283177E82A4002DB143 /* MessageUI.framework */; };
		779B8286177E82C3002DB143 /* AdSupport.framework in Frameworks */ = {isa = PBXBuildFile; fileRef = 779B8285177E82C3002DB143 /* AdSupport.framework */; };
		779B828A177F3D21002DB143 /* AppInfoViewController.m in Sources */ = {isa = PBXBuildFile; fileRef = 779B8288177F3D20002DB143 /* AppInfoViewController.m */; };
		779B828B177F3D21002DB143 /* AppInfoViewController.xib in Resources */ = {isa = PBXBuildFile; fileRef = 779B8289177F3D20002DB143 /* AppInfoViewController.xib */; };
		779B829417802233002DB143 /* navigation_bg_info.png in Resources */ = {isa = PBXBuildFile; fileRef = 779B829017802233002DB143 /* navigation_bg_info.png */; };
		779B829517802233002DB143 /* navigation_bg_info@2x.png in Resources */ = {isa = PBXBuildFile; fileRef = 779B829117802233002DB143 /* navigation_bg_info@2x.png */; };
		779B829617802233002DB143 /* navigation_info.png in Resources */ = {isa = PBXBuildFile; fileRef = 779B829217802233002DB143 /* navigation_info.png */; };
		779B829717802233002DB143 /* navigation_info@2x.png in Resources */ = {isa = PBXBuildFile; fileRef = 779B829317802233002DB143 /* navigation_info@2x.png */; };
		779B829A178029B2002DB143 /* button_license.png in Resources */ = {isa = PBXBuildFile; fileRef = 779B8298178029B2002DB143 /* button_license.png */; };
		779B829B178029B2002DB143 /* button_license@2x.png in Resources */ = {isa = PBXBuildFile; fileRef = 779B8299178029B2002DB143 /* button_license@2x.png */; };
		779B829E17802DDF002DB143 /* button_mail.png in Resources */ = {isa = PBXBuildFile; fileRef = 779B829C17802DDF002DB143 /* button_mail.png */; };
		779B829F17802DDF002DB143 /* button_mail@2x.png in Resources */ = {isa = PBXBuildFile; fileRef = 779B829D17802DDF002DB143 /* button_mail@2x.png */; };
		779B82A2178036C2002DB143 /* howto.png in Resources */ = {isa = PBXBuildFile; fileRef = 779B82A0178036C2002DB143 /* howto.png */; };
		779B82A3178036C2002DB143 /* howto@2x.png in Resources */ = {isa = PBXBuildFile; fileRef = 779B82A1178036C2002DB143 /* howto@2x.png */; };
		779B82A7178043EB002DB143 /* LicenseViewController.m in Sources */ = {isa = PBXBuildFile; fileRef = 779B82A5178043EB002DB143 /* LicenseViewController.m */; };
		779B82A8178043EB002DB143 /* LicenseViewController.xib in Resources */ = {isa = PBXBuildFile; fileRef = 779B82A6178043EB002DB143 /* LicenseViewController.xib */; };
		779B82AD17804942002DB143 /* license.html in Resources */ = {isa = PBXBuildFile; fileRef = 779B82AC17804942002DB143 /* license.html */; };
/* End PBXBuildFile section */

/* Begin PBXContainerItemProxy section */
		7746573C16E34AF000ACD435 /* PBXContainerItemProxy */ = {
			isa = PBXContainerItemProxy;
			containerPortal = 7746570716E34AF000ACD435 /* Project object */;
			proxyType = 1;
			remoteGlobalIDString = 7746570F16E34AF000ACD435;
			remoteInfo = rensou;
		};
/* End PBXContainerItemProxy section */

/* Begin PBXFileReference section */
		7721570D1759FFDD00953C2B /* RensouCell.h */ = {isa = PBXFileReference; fileEncoding = 4; lastKnownFileType = sourcecode.c.h; path = RensouCell.h; sourceTree = "<group>"; };
		7721570E1759FFDD00953C2B /* RensouCell.m */ = {isa = PBXFileReference; fileEncoding = 4; lastKnownFileType = sourcecode.c.objc; path = RensouCell.m; sourceTree = "<group>"; };
		77215712175A2CAE00953C2B /* UIColor+Hex.h */ = {isa = PBXFileReference; fileEncoding = 4; lastKnownFileType = sourcecode.c.h; path = "UIColor+Hex.h"; sourceTree = "<group>"; };
		77215713175A2CAE00953C2B /* UIColor+Hex.m */ = {isa = PBXFileReference; fileEncoding = 4; lastKnownFileType = sourcecode.c.objc; path = "UIColor+Hex.m"; sourceTree = "<group>"; };
		7746571016E34AF000ACD435 /* rensou.app */ = {isa = PBXFileReference; explicitFileType = wrapper.application; includeInIndex = 0; path = rensou.app; sourceTree = BUILT_PRODUCTS_DIR; };
		7746571416E34AF000ACD435 /* UIKit.framework */ = {isa = PBXFileReference; lastKnownFileType = wrapper.framework; name = UIKit.framework; path = System/Library/Frameworks/UIKit.framework; sourceTree = SDKROOT; };
		7746571616E34AF000ACD435 /* Foundation.framework */ = {isa = PBXFileReference; lastKnownFileType = wrapper.framework; name = Foundation.framework; path = System/Library/Frameworks/Foundation.framework; sourceTree = SDKROOT; };
		7746571816E34AF000ACD435 /* CoreGraphics.framework */ = {isa = PBXFileReference; lastKnownFileType = wrapper.framework; name = CoreGraphics.framework; path = System/Library/Frameworks/CoreGraphics.framework; sourceTree = SDKROOT; };
		7746571C16E34AF000ACD435 /* rensou-Info.plist */ = {isa = PBXFileReference; lastKnownFileType = text.plist.xml; path = "rensou-Info.plist"; sourceTree = "<group>"; };
		7746571E16E34AF000ACD435 /* en */ = {isa = PBXFileReference; lastKnownFileType = text.plist.strings; name = en; path = en.lproj/InfoPlist.strings; sourceTree = "<group>"; };
		7746572016E34AF000ACD435 /* main.m */ = {isa = PBXFileReference; lastKnownFileType = sourcecode.c.objc; path = main.m; sourceTree = "<group>"; };
		7746572216E34AF000ACD435 /* rensou-Prefix.pch */ = {isa = PBXFileReference; lastKnownFileType = sourcecode.c.h; path = "rensou-Prefix.pch"; sourceTree = "<group>"; };
		7746572316E34AF000ACD435 /* AppDelegate.h */ = {isa = PBXFileReference; lastKnownFileType = sourcecode.c.h; path = AppDelegate.h; sourceTree = "<group>"; };
		7746572416E34AF000ACD435 /* AppDelegate.m */ = {isa = PBXFileReference; lastKnownFileType = sourcecode.c.objc; path = AppDelegate.m; sourceTree = "<group>"; };
		7746572616E34AF000ACD435 /* Default.png */ = {isa = PBXFileReference; lastKnownFileType = image.png; path = Default.png; sourceTree = "<group>"; };
		7746572816E34AF000ACD435 /* Default@2x.png */ = {isa = PBXFileReference; lastKnownFileType = image.png; path = "Default@2x.png"; sourceTree = "<group>"; };
		7746572A16E34AF000ACD435 /* Default-568h@2x.png */ = {isa = PBXFileReference; lastKnownFileType = image.png; path = "Default-568h@2x.png"; sourceTree = "<group>"; };
		7746573716E34AF000ACD435 /* rensouTests.octest */ = {isa = PBXFileReference; explicitFileType = wrapper.cfbundle; includeInIndex = 0; path = rensouTests.octest; sourceTree = BUILT_PRODUCTS_DIR; };
		7746573816E34AF000ACD435 /* SenTestingKit.framework */ = {isa = PBXFileReference; lastKnownFileType = wrapper.framework; name = SenTestingKit.framework; path = Library/Frameworks/SenTestingKit.framework; sourceTree = DEVELOPER_DIR; };
		7746574016E34AF000ACD435 /* rensouTests-Info.plist */ = {isa = PBXFileReference; lastKnownFileType = text.plist.xml; path = "rensouTests-Info.plist"; sourceTree = "<group>"; };
		7746574216E34AF000ACD435 /* en */ = {isa = PBXFileReference; lastKnownFileType = text.plist.strings; name = en; path = en.lproj/InfoPlist.strings; sourceTree = "<group>"; };
		7746574416E34AF000ACD435 /* rensouTests.h */ = {isa = PBXFileReference; lastKnownFileType = sourcecode.c.h; path = rensouTests.h; sourceTree = "<group>"; };
		7746574516E34AF000ACD435 /* rensouTests.m */ = {isa = PBXFileReference; lastKnownFileType = sourcecode.c.objc; path = rensouTests.m; sourceTree = "<group>"; };
		7746575716E3533200ACD435 /* TopViewController.h */ = {isa = PBXFileReference; fileEncoding = 4; lastKnownFileType = sourcecode.c.h; path = TopViewController.h; sourceTree = "<group>"; };
		7746575816E3533200ACD435 /* TopViewController.m */ = {isa = PBXFileReference; fileEncoding = 4; lastKnownFileType = sourcecode.c.objc; path = TopViewController.m; sourceTree = "<group>"; };
		7746575916E3533200ACD435 /* TopViewController.xib */ = {isa = PBXFileReference; fileEncoding = 4; lastKnownFileType = file.xib; path = TopViewController.xib; sourceTree = "<group>"; };
		7746575C16E3534F00ACD435 /* ResultViewController.h */ = {isa = PBXFileReference; fileEncoding = 4; lastKnownFileType = sourcecode.c.h; path = ResultViewController.h; sourceTree = "<group>"; };
		7746575D16E3534F00ACD435 /* ResultViewController.m */ = {isa = PBXFileReference; fileEncoding = 4; lastKnownFileType = sourcecode.c.objc; path = ResultViewController.m; sourceTree = "<group>"; };
		7746575E16E3534F00ACD435 /* ResultViewController.xib */ = {isa = PBXFileReference; fileEncoding = 4; lastKnownFileType = file.xib; path = ResultViewController.xib; sourceTree = "<group>"; };
		776AE0D01753ABA20073351A /* Rensou.h */ = {isa = PBXFileReference; fileEncoding = 4; lastKnownFileType = sourcecode.c.h; name = Rensou.h; path = api/Rensou.h; sourceTree = "<group>"; };
		776AE0D11753ABA20073351A /* Rensou.m */ = {isa = PBXFileReference; fileEncoding = 4; lastKnownFileType = sourcecode.c.objc; name = Rensou.m; path = api/Rensou.m; sourceTree = "<group>"; };
		776AE0D417599E500073351A /* RensouNetworkEngine.h */ = {isa = PBXFileReference; fileEncoding = 4; lastKnownFileType = sourcecode.c.h; name = RensouNetworkEngine.h; path = network/RensouNetworkEngine.h; sourceTree = "<group>"; };
		776AE0D517599E500073351A /* RensouNetworkEngine.m */ = {isa = PBXFileReference; fileEncoding = 4; lastKnownFileType = sourcecode.c.objc; name = RensouNetworkEngine.m; path = network/RensouNetworkEngine.m; sourceTree = "<group>"; };
		777DF31A176313A000AAF1C3 /* icon.png */ = {isa = PBXFileReference; lastKnownFileType = image.png; path = icon.png; sourceTree = "<group>"; };
		777DF31C176313A300AAF1C3 /* icon@2x.png */ = {isa = PBXFileReference; lastKnownFileType = image.png; path = "icon@2x.png"; sourceTree = "<group>"; };
		777DF320176380F900AAF1C3 /* InfoPlistProperty.h */ = {isa = PBXFileReference; fileEncoding = 4; lastKnownFileType = sourcecode.c.h; path = InfoPlistProperty.h; sourceTree = "<group>"; };
		777DF321176380F900AAF1C3 /* InfoPlistProperty.m */ = {isa = PBXFileReference; fileEncoding = 4; lastKnownFileType = sourcecode.c.objc; path = InfoPlistProperty.m; sourceTree = "<group>"; };
		777DF3231763FC1D00AAF1C3 /* RSNotification.h */ = {isa = PBXFileReference; fileEncoding = 4; lastKnownFileType = sourcecode.c.h; path = RSNotification.h; sourceTree = "<group>"; };
		777DF3241763FC1D00AAF1C3 /* RSNotification.m */ = {isa = PBXFileReference; fileEncoding = 4; lastKnownFileType = sourcecode.c.objc; path = RSNotification.m; sourceTree = "<group>"; };
		777DF32B17640E3D00AAF1C3 /* navigation_bg_top.png */ = {isa = PBXFileReference; lastKnownFileType = image.png; path = navigation_bg_top.png; sourceTree = "<group>"; };
		777DF32C17640E3D00AAF1C3 /* navigation_bg_top@2x.png */ = {isa = PBXFileReference; lastKnownFileType = image.png; path = "navigation_bg_top@2x.png"; sourceTree = "<group>"; };
		777DF32F17640EE500AAF1C3 /* navigation_bg_result.png */ = {isa = PBXFileReference; lastKnownFileType = image.png; path = navigation_bg_result.png; sourceTree = "<group>"; };
		777DF33017640EE500AAF1C3 /* navigation_bg_result@2x.png */ = {isa = PBXFileReference; lastKnownFileType = image.png; path = "navigation_bg_result@2x.png"; sourceTree = "<group>"; };
		777DF333176416BA00AAF1C3 /* navigation_back.png */ = {isa = PBXFileReference; lastKnownFileType = image.png; path = navigation_back.png; sourceTree = "<group>"; };
		777DF334176416BA00AAF1C3 /* navigation_back@2x.png */ = {isa = PBXFileReference; lastKnownFileType = image.png; path = "navigation_back@2x.png"; sourceTree = "<group>"; };
		777DF3371764235200AAF1C3 /* button_submit.png */ = {isa = PBXFileReference; lastKnownFileType = image.png; path = button_submit.png; sourceTree = "<group>"; };
		777DF3381764235200AAF1C3 /* button_submit@2x.png */ = {isa = PBXFileReference; lastKnownFileType = image.png; path = "button_submit@2x.png"; sourceTree = "<group>"; };
		777DF33B176426A600AAF1C3 /* sub_text.png */ = {isa = PBXFileReference; lastKnownFileType = image.png; path = sub_text.png; sourceTree = "<group>"; };
		777DF33C176426A600AAF1C3 /* sub_text@2x.png */ = {isa = PBXFileReference; lastKnownFileType = image.png; path = "sub_text@2x.png"; sourceTree = "<group>"; };
		779391FB177B2E8500C6067D /* rensou_cell_bg.png */ = {isa = PBXFileReference; lastKnownFileType = image.png; path = rensou_cell_bg.png; sourceTree = "<group>"; };
		779391FC177B2E8500C6067D /* rensou_cell_bg@2x.png */ = {isa = PBXFileReference; lastKnownFileType = image.png; path = "rensou_cell_bg@2x.png"; sourceTree = "<group>"; };
		779391FF177B3A2F00C6067D /* rensou_cell_bg2.png */ = {isa = PBXFileReference; lastKnownFileType = image.png; path = rensou_cell_bg2.png; sourceTree = "<group>"; };
		77939200177B3A2F00C6067D /* rensou_cell_bg2@2x.png */ = {isa = PBXFileReference; lastKnownFileType = image.png; path = "rensou_cell_bg2@2x.png"; sourceTree = "<group>"; };
		77939203177C729F00C6067D /* top_bg.png */ = {isa = PBXFileReference; lastKnownFileType = image.png; path = top_bg.png; sourceTree = "<group>"; };
		77939204177C729F00C6067D /* top_bg@2x.png */ = {isa = PBXFileReference; lastKnownFileType = image.png; path = "top_bg@2x.png"; sourceTree = "<group>"; };
		77952AE216F979A10025F785 /* NSAlert+MKNetworkKitAdditions.m */ = {isa = PBXFileReference; fileEncoding = 4; lastKnownFileType = sourcecode.c.objc; path = "NSAlert+MKNetworkKitAdditions.m"; sourceTree = "<group>"; };
		77952AE316F979A10025F785 /* NSData+MKBase64.h */ = {isa = PBXFileReference; fileEncoding = 4; lastKnownFileType = sourcecode.c.h; path = "NSData+MKBase64.h"; sourceTree = "<group>"; };
		77952AE416F979A10025F785 /* NSData+MKBase64.m */ = {isa = PBXFileReference; fileEncoding = 4; lastKnownFileType = sourcecode.c.objc; path = "NSData+MKBase64.m"; sourceTree = "<group>"; };
		77952AE516F979A10025F785 /* NSDate+RFC1123.h */ = {isa = PBXFileReference; fileEncoding = 4; lastKnownFileType = sourcecode.c.h; path = "NSDate+RFC1123.h"; sourceTree = "<group>"; };
		77952AE616F979A10025F785 /* NSDate+RFC1123.m */ = {isa = PBXFileReference; fileEncoding = 4; lastKnownFileType = sourcecode.c.objc; path = "NSDate+RFC1123.m"; sourceTree = "<group>"; };
		77952AE716F979A10025F785 /* NSDictionary+RequestEncoding.h */ = {isa = PBXFileReference; fileEncoding = 4; lastKnownFileType = sourcecode.c.h; path = "NSDictionary+RequestEncoding.h"; sourceTree = "<group>"; };
		77952AE816F979A10025F785 /* NSDictionary+RequestEncoding.m */ = {isa = PBXFileReference; fileEncoding = 4; lastKnownFileType = sourcecode.c.objc; path = "NSDictionary+RequestEncoding.m"; sourceTree = "<group>"; };
		77952AE916F979A10025F785 /* NSString+MKNetworkKitAdditions.h */ = {isa = PBXFileReference; fileEncoding = 4; lastKnownFileType = sourcecode.c.h; path = "NSString+MKNetworkKitAdditions.h"; sourceTree = "<group>"; };
		77952AEA16F979A10025F785 /* NSString+MKNetworkKitAdditions.m */ = {isa = PBXFileReference; fileEncoding = 4; lastKnownFileType = sourcecode.c.objc; path = "NSString+MKNetworkKitAdditions.m"; sourceTree = "<group>"; };
		77952AEB16F979A10025F785 /* UIAlertView+MKNetworkKitAdditions.h */ = {isa = PBXFileReference; fileEncoding = 4; lastKnownFileType = sourcecode.c.h; path = "UIAlertView+MKNetworkKitAdditions.h"; sourceTree = "<group>"; };
		77952AEC16F979A10025F785 /* UIAlertView+MKNetworkKitAdditions.m */ = {isa = PBXFileReference; fileEncoding = 4; lastKnownFileType = sourcecode.c.objc; path = "UIAlertView+MKNetworkKitAdditions.m"; sourceTree = "<group>"; };
		77952AED16F979A10025F785 /* UIImageView+MKNetworkKitAdditions.h */ = {isa = PBXFileReference; fileEncoding = 4; lastKnownFileType = sourcecode.c.h; path = "UIImageView+MKNetworkKitAdditions.h"; sourceTree = "<group>"; };
		77952AEE16F979A10025F785 /* UIImageView+MKNetworkKitAdditions.m */ = {isa = PBXFileReference; fileEncoding = 4; lastKnownFileType = sourcecode.c.objc; path = "UIImageView+MKNetworkKitAdditions.m"; sourceTree = "<group>"; };
		77952AEF16F979A10025F785 /* MKNetworkEngine.h */ = {isa = PBXFileReference; fileEncoding = 4; lastKnownFileType = sourcecode.c.h; path = MKNetworkEngine.h; sourceTree = "<group>"; };
		77952AF016F979A10025F785 /* MKNetworkEngine.m */ = {isa = PBXFileReference; fileEncoding = 4; lastKnownFileType = sourcecode.c.objc; path = MKNetworkEngine.m; sourceTree = "<group>"; };
		77952AF116F979A10025F785 /* MKNetworkKit.h */ = {isa = PBXFileReference; fileEncoding = 4; lastKnownFileType = sourcecode.c.h; path = MKNetworkKit.h; sourceTree = "<group>"; };
		77952AF216F979A10025F785 /* MKNetworkOperation.h */ = {isa = PBXFileReference; fileEncoding = 4; lastKnownFileType = sourcecode.c.h; path = MKNetworkOperation.h; sourceTree = "<group>"; };
		77952AF316F979A10025F785 /* MKNetworkOperation.m */ = {isa = PBXFileReference; fileEncoding = 4; lastKnownFileType = sourcecode.c.objc; path = MKNetworkOperation.m; sourceTree = "<group>"; };
		77952AF516F979A10025F785 /* Reachability.h */ = {isa = PBXFileReference; fileEncoding = 4; lastKnownFileType = sourcecode.c.h; path = Reachability.h; sourceTree = "<group>"; };
		77952AF616F979A10025F785 /* Reachability.m */ = {isa = PBXFileReference; fileEncoding = 4; lastKnownFileType = sourcecode.c.objc; path = Reachability.m; sourceTree = "<group>"; };
		77952B0116F979C30025F785 /* CFNetwork.framework */ = {isa = PBXFileReference; lastKnownFileType = wrapper.framework; name = CFNetwork.framework; path = System/Library/Frameworks/CFNetwork.framework; sourceTree = SDKROOT; };
		77952B0316F979CD0025F785 /* SystemConfiguration.framework */ = {isa = PBXFileReference; lastKnownFileType = wrapper.framework; name = SystemConfiguration.framework; path = System/Library/Frameworks/SystemConfiguration.framework; sourceTree = SDKROOT; };
		77952B0516F979D80025F785 /* Security.framework */ = {isa = PBXFileReference; lastKnownFileType = wrapper.framework; name = Security.framework; path = System/Library/Frameworks/Security.framework; sourceTree = SDKROOT; };
		779B8240177E8259002DB143 /* GADAdMobExtras.h */ = {isa = PBXFileReference; fileEncoding = 4; lastKnownFileType = sourcecode.c.h; path = GADAdMobExtras.h; sourceTree = "<group>"; };
		779B8241177E8259002DB143 /* GADAdNetworkExtras.h */ = {isa = PBXFileReference; fileEncoding = 4; lastKnownFileType = sourcecode.c.h; path = GADAdNetworkExtras.h; sourceTree = "<group>"; };
		779B8242177E8259002DB143 /* GADAdSize.h */ = {isa = PBXFileReference; fileEncoding = 4; lastKnownFileType = sourcecode.c.h; path = GADAdSize.h; sourceTree = "<group>"; };
		779B8243177E8259002DB143 /* GADBannerView.h */ = {isa = PBXFileReference; fileEncoding = 4; lastKnownFileType = sourcecode.c.h; path = GADBannerView.h; sourceTree = "<group>"; };
		779B8244177E8259002DB143 /* GADBannerViewDelegate.h */ = {isa = PBXFileReference; fileEncoding = 4; lastKnownFileType = sourcecode.c.h; path = GADBannerViewDelegate.h; sourceTree = "<group>"; };
		779B8245177E8259002DB143 /* GADInterstitial.h */ = {isa = PBXFileReference; fileEncoding = 4; lastKnownFileType = sourcecode.c.h; path = GADInterstitial.h; sourceTree = "<group>"; };
		779B8246177E8259002DB143 /* GADInterstitialDelegate.h */ = {isa = PBXFileReference; fileEncoding = 4; lastKnownFileType = sourcecode.c.h; path = GADInterstitialDelegate.h; sourceTree = "<group>"; };
		779B8247177E8259002DB143 /* GADRequest.h */ = {isa = PBXFileReference; fileEncoding = 4; lastKnownFileType = sourcecode.c.h; path = GADRequest.h; sourceTree = "<group>"; };
		779B8248177E8259002DB143 /* GADRequestError.h */ = {isa = PBXFileReference; fileEncoding = 4; lastKnownFileType = sourcecode.c.h; path = GADRequestError.h; sourceTree = "<group>"; };
		779B8249177E8259002DB143 /* libGoogleAdMobAds.a */ = {isa = PBXFileReference; lastKnownFileType = archive.ar; path = libGoogleAdMobAds.a; sourceTree = "<group>"; };
		779B827F177E8290002DB143 /* StoreKit.framework */ = {isa = PBXFileReference; lastKnownFileType = wrapper.framework; name = StoreKit.framework; path = System/Library/Frameworks/StoreKit.framework; sourceTree = SDKROOT; };
		779B8281177E829A002DB143 /* AudioToolbox.framework */ = {isa = PBXFileReference; lastKnownFileType = wrapper.framework; name = AudioToolbox.framework; path = System/Library/Frameworks/AudioToolbox.framework; sourceTree = SDKROOT; };
		779B8283177E82A4002DB143 /* MessageUI.framework */ = {isa = PBXFileReference; lastKnownFileType = wrapper.framework; name = MessageUI.framework; path = System/Library/Frameworks/MessageUI.framework; sourceTree = SDKROOT; };
		779B8285177E82C3002DB143 /* AdSupport.framework */ = {isa = PBXFileReference; lastKnownFileType = wrapper.framework; name = AdSupport.framework; path = System/Library/Frameworks/AdSupport.framework; sourceTree = SDKROOT; };
		779B8287177F3D20002DB143 /* AppInfoViewController.h */ = {isa = PBXFileReference; fileEncoding = 4; lastKnownFileType = sourcecode.c.h; path = AppInfoViewController.h; sourceTree = "<group>"; };
		779B8288177F3D20002DB143 /* AppInfoViewController.m */ = {isa = PBXFileReference; fileEncoding = 4; lastKnownFileType = sourcecode.c.objc; path = AppInfoViewController.m; sourceTree = "<group>"; };
		779B8289177F3D20002DB143 /* AppInfoViewController.xib */ = {isa = PBXFileReference; fileEncoding = 4; lastKnownFileType = file.xib; path = AppInfoViewController.xib; sourceTree = "<group>"; };
		779B829017802233002DB143 /* navigation_bg_info.png */ = {isa = PBXFileReference; lastKnownFileType = image.png; path = navigation_bg_info.png; sourceTree = "<group>"; };
		779B829117802233002DB143 /* navigation_bg_info@2x.png */ = {isa = PBXFileReference; lastKnownFileType = image.png; path = "navigation_bg_info@2x.png"; sourceTree = "<group>"; };
		779B829217802233002DB143 /* navigation_info.png */ = {isa = PBXFileReference; lastKnownFileType = image.png; path = navigation_info.png; sourceTree = "<group>"; };
		779B829317802233002DB143 /* navigation_info@2x.png */ = {isa = PBXFileReference; lastKnownFileType = image.png; path = "navigation_info@2x.png"; sourceTree = "<group>"; };
		779B8298178029B2002DB143 /* button_license.png */ = {isa = PBXFileReference; lastKnownFileType = image.png; path = button_license.png; sourceTree = "<group>"; };
		779B8299178029B2002DB143 /* button_license@2x.png */ = {isa = PBXFileReference; lastKnownFileType = image.png; path = "button_license@2x.png"; sourceTree = "<group>"; };
		779B829C17802DDF002DB143 /* button_mail.png */ = {isa = PBXFileReference; lastKnownFileType = image.png; path = button_mail.png; sourceTree = "<group>"; };
		779B829D17802DDF002DB143 /* button_mail@2x.png */ = {isa = PBXFileReference; lastKnownFileType = image.png; path = "button_mail@2x.png"; sourceTree = "<group>"; };
		779B82A0178036C2002DB143 /* howto.png */ = {isa = PBXFileReference; lastKnownFileType = image.png; path = howto.png; sourceTree = "<group>"; };
		779B82A1178036C2002DB143 /* howto@2x.png */ = {isa = PBXFileReference; lastKnownFileType = image.png; path = "howto@2x.png"; sourceTree = "<group>"; };
		779B82A4178043EA002DB143 /* LicenseViewController.h */ = {isa = PBXFileReference; fileEncoding = 4; lastKnownFileType = sourcecode.c.h; path = LicenseViewController.h; sourceTree = "<group>"; };
		779B82A5178043EB002DB143 /* LicenseViewController.m */ = {isa = PBXFileReference; fileEncoding = 4; lastKnownFileType = sourcecode.c.objc; path = LicenseViewController.m; sourceTree = "<group>"; };
		779B82A6178043EB002DB143 /* LicenseViewController.xib */ = {isa = PBXFileReference; fileEncoding = 4; lastKnownFileType = file.xib; path = LicenseViewController.xib; sourceTree = "<group>"; };
		779B82AC17804942002DB143 /* license.html */ = {isa = PBXFileReference; fileEncoding = 4; lastKnownFileType = text.html; path = license.html; sourceTree = "<group>"; };
/* End PBXFileReference section */

/* Begin PBXFrameworksBuildPhase section */
		7746570D16E34AF000ACD435 /* Frameworks */ = {
			isa = PBXFrameworksBuildPhase;
			buildActionMask = 2147483647;
			files = (
				779B8286177E82C3002DB143 /* AdSupport.framework in Frameworks */,
				7746571916E34AF000ACD435 /* CoreGraphics.framework in Frameworks */,
				77952B0416F979CD0025F785 /* SystemConfiguration.framework in Frameworks */,
				779B8284177E82A4002DB143 /* MessageUI.framework in Frameworks */,
				779B8282177E829A002DB143 /* AudioToolbox.framework in Frameworks */,
				779B8280177E8290002DB143 /* StoreKit.framework in Frameworks */,
				77952B0616F979D80025F785 /* Security.framework in Frameworks */,
				77952B0216F979C30025F785 /* CFNetwork.framework in Frameworks */,
				7746571516E34AF000ACD435 /* UIKit.framework in Frameworks */,
				7746571716E34AF000ACD435 /* Foundation.framework in Frameworks */,
				779B827A177E8259002DB143 /* libGoogleAdMobAds.a in Frameworks */,
			);
			runOnlyForDeploymentPostprocessing = 0;
		};
		7746573316E34AF000ACD435 /* Frameworks */ = {
			isa = PBXFrameworksBuildPhase;
			buildActionMask = 2147483647;
			files = (
				7746573916E34AF000ACD435 /* SenTestingKit.framework in Frameworks */,
				7746573A16E34AF000ACD435 /* UIKit.framework in Frameworks */,
				7746573B16E34AF000ACD435 /* Foundation.framework in Frameworks */,
			);
			runOnlyForDeploymentPostprocessing = 0;
		};
/* End PBXFrameworksBuildPhase section */

/* Begin PBXGroup section */
		7721570C1759FF9300953C2B /* view */ = {
			isa = PBXGroup;
			children = (
				7721570D1759FFDD00953C2B /* RensouCell.h */,
				7721570E1759FFDD00953C2B /* RensouCell.m */,
			);
			path = view;
			sourceTree = "<group>";
		};
		77215711175A2C7000953C2B /* util */ = {
			isa = PBXGroup;
			children = (
				77215712175A2CAE00953C2B /* UIColor+Hex.h */,
				77215713175A2CAE00953C2B /* UIColor+Hex.m */,
			);
			path = util;
			sourceTree = "<group>";
		};
		7746570516E34AF000ACD435 = {
			isa = PBXGroup;
			children = (
				777DF31C176313A300AAF1C3 /* icon@2x.png */,
				777DF31A176313A000AAF1C3 /* icon.png */,
				7746571A16E34AF000ACD435 /* rensou */,
				7746573E16E34AF000ACD435 /* rensouTests */,
				7746571316E34AF000ACD435 /* Frameworks */,
				7746571116E34AF000ACD435 /* Products */,
			);
			sourceTree = "<group>";
		};
		7746571116E34AF000ACD435 /* Products */ = {
			isa = PBXGroup;
			children = (
				7746571016E34AF000ACD435 /* rensou.app */,
				7746573716E34AF000ACD435 /* rensouTests.octest */,
			);
			name = Products;
			sourceTree = "<group>";
		};
		7746571316E34AF000ACD435 /* Frameworks */ = {
			isa = PBXGroup;
			children = (
				779B8285177E82C3002DB143 /* AdSupport.framework */,
				779B8283177E82A4002DB143 /* MessageUI.framework */,
				779B8281177E829A002DB143 /* AudioToolbox.framework */,
				779B827F177E8290002DB143 /* StoreKit.framework */,
				77952B0516F979D80025F785 /* Security.framework */,
				77952B0316F979CD0025F785 /* SystemConfiguration.framework */,
				77952B0116F979C30025F785 /* CFNetwork.framework */,
				7746571416E34AF000ACD435 /* UIKit.framework */,
				7746571616E34AF000ACD435 /* Foundation.framework */,
				7746571816E34AF000ACD435 /* CoreGraphics.framework */,
				7746573816E34AF000ACD435 /* SenTestingKit.framework */,
			);
			name = Frameworks;
			sourceTree = "<group>";
		};
		7746571A16E34AF000ACD435 /* rensou */ = {
			isa = PBXGroup;
			children = (
				779B81E3177E8259002DB143 /* ad */,
				7746571B16E34AF000ACD435 /* Supporting Files */,
				777DF326176409EB00AAF1C3 /* image */,
				776AE0CF1753AAC20073351A /* api */,
				776AE0CE175085060073351A /* network */,
				7721570C1759FF9300953C2B /* view */,
				77215711175A2C7000953C2B /* util */,
				779B82A9178047CF002DB143 /* html */,
				77952ADF16F979A10025F785 /* lib */,
				777DF320176380F900AAF1C3 /* InfoPlistProperty.h */,
				777DF321176380F900AAF1C3 /* InfoPlistProperty.m */,
				777DF3231763FC1D00AAF1C3 /* RSNotification.h */,
				777DF3241763FC1D00AAF1C3 /* RSNotification.m */,
				7746572316E34AF000ACD435 /* AppDelegate.h */,
				7746572416E34AF000ACD435 /* AppDelegate.m */,
				7746575716E3533200ACD435 /* TopViewController.h */,
				7746575816E3533200ACD435 /* TopViewController.m */,
				7746575916E3533200ACD435 /* TopViewController.xib */,
				7746575C16E3534F00ACD435 /* ResultViewController.h */,
				7746575D16E3534F00ACD435 /* ResultViewController.m */,
				7746575E16E3534F00ACD435 /* ResultViewController.xib */,
				779B8287177F3D20002DB143 /* AppInfoViewController.h */,
				779B8288177F3D20002DB143 /* AppInfoViewController.m */,
				779B8289177F3D20002DB143 /* AppInfoViewController.xib */,
				779B82A4178043EA002DB143 /* LicenseViewController.h */,
				779B82A5178043EB002DB143 /* LicenseViewController.m */,
				779B82A6178043EB002DB143 /* LicenseViewController.xib */,
			);
			path = rensou;
			sourceTree = "<group>";
		};
		7746571B16E34AF000ACD435 /* Supporting Files */ = {
			isa = PBXGroup;
			children = (
				7746571C16E34AF000ACD435 /* rensou-Info.plist */,
				7746571D16E34AF000ACD435 /* InfoPlist.strings */,
				7746572016E34AF000ACD435 /* main.m */,
				7746572216E34AF000ACD435 /* rensou-Prefix.pch */,
				7746572616E34AF000ACD435 /* Default.png */,
				7746572816E34AF000ACD435 /* Default@2x.png */,
				7746572A16E34AF000ACD435 /* Default-568h@2x.png */,
			);
			name = "Supporting Files";
			sourceTree = "<group>";
		};
		7746573E16E34AF000ACD435 /* rensouTests */ = {
			isa = PBXGroup;
			children = (
				7746574416E34AF000ACD435 /* rensouTests.h */,
				7746574516E34AF000ACD435 /* rensouTests.m */,
				7746573F16E34AF000ACD435 /* Supporting Files */,
			);
			path = rensouTests;
			sourceTree = "<group>";
		};
		7746573F16E34AF000ACD435 /* Supporting Files */ = {
			isa = PBXGroup;
			children = (
				7746574016E34AF000ACD435 /* rensouTests-Info.plist */,
				7746574116E34AF000ACD435 /* InfoPlist.strings */,
			);
			name = "Supporting Files";
			sourceTree = "<group>";
		};
		776AE0CE175085060073351A /* network */ = {
			isa = PBXGroup;
			children = (
				776AE0D417599E500073351A /* RensouNetworkEngine.h */,
				776AE0D517599E500073351A /* RensouNetworkEngine.m */,
			);
			name = network;
			sourceTree = "<group>";
		};
		776AE0CF1753AAC20073351A /* api */ = {
			isa = PBXGroup;
			children = (
				776AE0D01753ABA20073351A /* Rensou.h */,
				776AE0D11753ABA20073351A /* Rensou.m */,
			);
			name = api;
			sourceTree = "<group>";
		};
		777DF326176409EB00AAF1C3 /* image */ = {
			isa = PBXGroup;
			children = (
				779B82A0178036C2002DB143 /* howto.png */,
				779B82A1178036C2002DB143 /* howto@2x.png */,
				779B829C17802DDF002DB143 /* button_mail.png */,
				779B829D17802DDF002DB143 /* button_mail@2x.png */,
				779B8298178029B2002DB143 /* button_license.png */,
				779B8299178029B2002DB143 /* button_license@2x.png */,
				779B829017802233002DB143 /* navigation_bg_info.png */,
				779B829117802233002DB143 /* navigation_bg_info@2x.png */,
				779B829217802233002DB143 /* navigation_info.png */,
				779B829317802233002DB143 /* navigation_info@2x.png */,
				77939203177C729F00C6067D /* top_bg.png */,
				77939204177C729F00C6067D /* top_bg@2x.png */,
				779391FF177B3A2F00C6067D /* rensou_cell_bg2.png */,
				77939200177B3A2F00C6067D /* rensou_cell_bg2@2x.png */,
				779391FB177B2E8500C6067D /* rensou_cell_bg.png */,
				779391FC177B2E8500C6067D /* rensou_cell_bg@2x.png */,
				777DF33B176426A600AAF1C3 /* sub_text.png */,
				777DF33C176426A600AAF1C3 /* sub_text@2x.png */,
				777DF3371764235200AAF1C3 /* button_submit.png */,
				777DF3381764235200AAF1C3 /* button_submit@2x.png */,
				777DF333176416BA00AAF1C3 /* navigation_back.png */,
				777DF334176416BA00AAF1C3 /* navigation_back@2x.png */,
				777DF32F17640EE500AAF1C3 /* navigation_bg_result.png */,
				777DF33017640EE500AAF1C3 /* navigation_bg_result@2x.png */,
				777DF32B17640E3D00AAF1C3 /* navigation_bg_top.png */,
				777DF32C17640E3D00AAF1C3 /* navigation_bg_top@2x.png */,
			);
			path = image;
			sourceTree = "<group>";
		};
		77952ADF16F979A10025F785 /* lib */ = {
			isa = PBXGroup;
			children = (
				77952AE016F979A10025F785 /* MKNetworkKit */,
			);
			path = lib;
			sourceTree = "<group>";
		};
		77952AE016F979A10025F785 /* MKNetworkKit */ = {
			isa = PBXGroup;
			children = (
				77952AE116F979A10025F785 /* Categories */,
				77952AEF16F979A10025F785 /* MKNetworkEngine.h */,
				77952AF016F979A10025F785 /* MKNetworkEngine.m */,
				77952AF116F979A10025F785 /* MKNetworkKit.h */,
				77952AF216F979A10025F785 /* MKNetworkOperation.h */,
				77952AF316F979A10025F785 /* MKNetworkOperation.m */,
				77952AF416F979A10025F785 /* Reachability */,
			);
			path = MKNetworkKit;
			sourceTree = "<group>";
		};
		77952AE116F979A10025F785 /* Categories */ = {
			isa = PBXGroup;
			children = (
				77952AE216F979A10025F785 /* NSAlert+MKNetworkKitAdditions.m */,
				77952AE316F979A10025F785 /* NSData+MKBase64.h */,
				77952AE416F979A10025F785 /* NSData+MKBase64.m */,
				77952AE516F979A10025F785 /* NSDate+RFC1123.h */,
				77952AE616F979A10025F785 /* NSDate+RFC1123.m */,
				77952AE716F979A10025F785 /* NSDictionary+RequestEncoding.h */,
				77952AE816F979A10025F785 /* NSDictionary+RequestEncoding.m */,
				77952AE916F979A10025F785 /* NSString+MKNetworkKitAdditions.h */,
				77952AEA16F979A10025F785 /* NSString+MKNetworkKitAdditions.m */,
				77952AEB16F979A10025F785 /* UIAlertView+MKNetworkKitAdditions.h */,
				77952AEC16F979A10025F785 /* UIAlertView+MKNetworkKitAdditions.m */,
				77952AED16F979A10025F785 /* UIImageView+MKNetworkKitAdditions.h */,
				77952AEE16F979A10025F785 /* UIImageView+MKNetworkKitAdditions.m */,
			);
			path = Categories;
			sourceTree = "<group>";
		};
		77952AF416F979A10025F785 /* Reachability */ = {
			isa = PBXGroup;
			children = (
				77952AF516F979A10025F785 /* Reachability.h */,
				77952AF616F979A10025F785 /* Reachability.m */,
			);
			path = Reachability;
			sourceTree = "<group>";
		};
		779B81E3177E8259002DB143 /* ad */ = {
			isa = PBXGroup;
			children = (
				779B81E4177E8259002DB143 /* GoogleAdMobAdsSdkiOS-6.4.2 */,
			);
			path = ad;
			sourceTree = "<group>";
		};
		779B81E4177E8259002DB143 /* GoogleAdMobAdsSdkiOS-6.4.2 */ = {
			isa = PBXGroup;
			children = (
				779B8240177E8259002DB143 /* GADAdMobExtras.h */,
				779B8241177E8259002DB143 /* GADAdNetworkExtras.h */,
				779B8242177E8259002DB143 /* GADAdSize.h */,
				779B8243177E8259002DB143 /* GADBannerView.h */,
				779B8244177E8259002DB143 /* GADBannerViewDelegate.h */,
				779B8245177E8259002DB143 /* GADInterstitial.h */,
				779B8246177E8259002DB143 /* GADInterstitialDelegate.h */,
				779B8247177E8259002DB143 /* GADRequest.h */,
				779B8248177E8259002DB143 /* GADRequestError.h */,
				779B8249177E8259002DB143 /* libGoogleAdMobAds.a */,
			);
			path = "GoogleAdMobAdsSdkiOS-6.4.2";
			sourceTree = "<group>";
		};
		779B82A9178047CF002DB143 /* html */ = {
			isa = PBXGroup;
			children = (
				779B82AC17804942002DB143 /* license.html */,
			);
			path = html;
			sourceTree = "<group>";
		};
/* End PBXGroup section */

/* Begin PBXNativeTarget section */
		7746570F16E34AF000ACD435 /* rensou */ = {
			isa = PBXNativeTarget;
			buildConfigurationList = 7746574916E34AF000ACD435 /* Build configuration list for PBXNativeTarget "rensou" */;
			buildPhases = (
				7746570C16E34AF000ACD435 /* Sources */,
				7746570D16E34AF000ACD435 /* Frameworks */,
				7746570E16E34AF000ACD435 /* Resources */,
			);
			buildRules = (
			);
			dependencies = (
			);
			name = rensou;
			productName = rensou;
			productReference = 7746571016E34AF000ACD435 /* rensou.app */;
			productType = "com.apple.product-type.application";
		};
		7746573616E34AF000ACD435 /* rensouTests */ = {
			isa = PBXNativeTarget;
			buildConfigurationList = 7746574C16E34AF000ACD435 /* Build configuration list for PBXNativeTarget "rensouTests" */;
			buildPhases = (
				7746573216E34AF000ACD435 /* Sources */,
				7746573316E34AF000ACD435 /* Frameworks */,
				7746573416E34AF000ACD435 /* Resources */,
				7746573516E34AF000ACD435 /* ShellScript */,
			);
			buildRules = (
			);
			dependencies = (
				7746573D16E34AF000ACD435 /* PBXTargetDependency */,
			);
			name = rensouTests;
			productName = rensouTests;
			productReference = 7746573716E34AF000ACD435 /* rensouTests.octest */;
			productType = "com.apple.product-type.bundle";
		};
/* End PBXNativeTarget section */

/* Begin PBXProject section */
		7746570716E34AF000ACD435 /* Project object */ = {
			isa = PBXProject;
			attributes = {
				LastUpgradeCheck = 0450;
				ORGANIZATIONNAME = u1;
			};
			buildConfigurationList = 7746570A16E34AF000ACD435 /* Build configuration list for PBXProject "rensou" */;
			compatibilityVersion = "Xcode 3.2";
			developmentRegion = English;
			hasScannedForEncodings = 0;
			knownRegions = (
				en,
			);
			mainGroup = 7746570516E34AF000ACD435;
			productRefGroup = 7746571116E34AF000ACD435 /* Products */;
			projectDirPath = "";
			projectRoot = "";
			targets = (
				7746570F16E34AF000ACD435 /* rensou */,
				7746573616E34AF000ACD435 /* rensouTests */,
			);
		};
/* End PBXProject section */

/* Begin PBXResourcesBuildPhase section */
		7746570E16E34AF000ACD435 /* Resources */ = {
			isa = PBXResourcesBuildPhase;
			buildActionMask = 2147483647;
			files = (
				7746571F16E34AF000ACD435 /* InfoPlist.strings in Resources */,
				7746572716E34AF000ACD435 /* Default.png in Resources */,
				7746572916E34AF000ACD435 /* Default@2x.png in Resources */,
				7746572B16E34AF000ACD435 /* Default-568h@2x.png in Resources */,
				7746575B16E3533200ACD435 /* TopViewController.xib in Resources */,
				7746576016E3534F00ACD435 /* ResultViewController.xib in Resources */,
				777DF31B176313A000AAF1C3 /* icon.png in Resources */,
				777DF31D176313A300AAF1C3 /* icon@2x.png in Resources */,
				777DF32D17640E3D00AAF1C3 /* navigation_bg_top.png in Resources */,
				777DF32E17640E3D00AAF1C3 /* navigation_bg_top@2x.png in Resources */,
				777DF33117640EE500AAF1C3 /* navigation_bg_result.png in Resources */,
				777DF33217640EE500AAF1C3 /* navigation_bg_result@2x.png in Resources */,
				777DF335176416BA00AAF1C3 /* navigation_back.png in Resources */,
				777DF336176416BA00AAF1C3 /* navigation_back@2x.png in Resources */,
				777DF3391764235200AAF1C3 /* button_submit.png in Resources */,
				777DF33A1764235200AAF1C3 /* button_submit@2x.png in Resources */,
				777DF33D176426A600AAF1C3 /* sub_text.png in Resources */,
				777DF33E176426A600AAF1C3 /* sub_text@2x.png in Resources */,
				779391FD177B2E8500C6067D /* rensou_cell_bg.png in Resources */,
				779391FE177B2E8500C6067D /* rensou_cell_bg@2x.png in Resources */,
				77939201177B3A2F00C6067D /* rensou_cell_bg2.png in Resources */,
				77939202177B3A2F00C6067D /* rensou_cell_bg2@2x.png in Resources */,
				77939205177C729F00C6067D /* top_bg.png in Resources */,
				77939206177C729F00C6067D /* top_bg@2x.png in Resources */,
				779B828B177F3D21002DB143 /* AppInfoViewController.xib in Resources */,
				779B829417802233002DB143 /* navigation_bg_info.png in Resources */,
				779B829517802233002DB143 /* navigation_bg_info@2x.png in Resources */,
				779B829617802233002DB143 /* navigation_info.png in Resources */,
				779B829717802233002DB143 /* navigation_info@2x.png in Resources */,
				779B829A178029B2002DB143 /* button_license.png in Resources */,
				779B829B178029B2002DB143 /* button_license@2x.png in Resources */,
				779B829E17802DDF002DB143 /* button_mail.png in Resources */,
				779B829F17802DDF002DB143 /* button_mail@2x.png in Resources */,
				779B82A2178036C2002DB143 /* howto.png in Resources */,
				779B82A3178036C2002DB143 /* howto@2x.png in Resources */,
				779B82A8178043EB002DB143 /* LicenseViewController.xib in Resources */,
				779B82AD17804942002DB143 /* license.html in Resources */,
			);
			runOnlyForDeploymentPostprocessing = 0;
		};
		7746573416E34AF000ACD435 /* Resources */ = {
			isa = PBXResourcesBuildPhase;
			buildActionMask = 2147483647;
			files = (
				7746574316E34AF000ACD435 /* InfoPlist.strings in Resources */,
			);
			runOnlyForDeploymentPostprocessing = 0;
		};
/* End PBXResourcesBuildPhase section */

/* Begin PBXShellScriptBuildPhase section */
		7746573516E34AF000ACD435 /* ShellScript */ = {
			isa = PBXShellScriptBuildPhase;
			buildActionMask = 2147483647;
			files = (
			);
			inputPaths = (
			);
			outputPaths = (
			);
			runOnlyForDeploymentPostprocessing = 0;
			shellPath = /bin/sh;
			shellScript = "# Run the unit tests in this test bundle.\n\"${SYSTEM_DEVELOPER_DIR}/Tools/RunUnitTests\"\n";
		};
/* End PBXShellScriptBuildPhase section */

/* Begin PBXSourcesBuildPhase section */
		7746570C16E34AF000ACD435 /* Sources */ = {
			isa = PBXSourcesBuildPhase;
			buildActionMask = 2147483647;
			files = (
				7746572116E34AF000ACD435 /* main.m in Sources */,
				7746572516E34AF000ACD435 /* AppDelegate.m in Sources */,
				7746575A16E3533200ACD435 /* TopViewController.m in Sources */,
				7746575F16E3534F00ACD435 /* ResultViewController.m in Sources */,
				77952AF716F979A10025F785 /* NSAlert+MKNetworkKitAdditions.m in Sources */,
				77952AF816F979A10025F785 /* NSData+MKBase64.m in Sources */,
				77952AF916F979A10025F785 /* NSDate+RFC1123.m in Sources */,
				77952AFA16F979A10025F785 /* NSDictionary+RequestEncoding.m in Sources */,
				77952AFB16F979A10025F785 /* NSString+MKNetworkKitAdditions.m in Sources */,
				77952AFC16F979A10025F785 /* UIAlertView+MKNetworkKitAdditions.m in Sources */,
				77952AFD16F979A10025F785 /* UIImageView+MKNetworkKitAdditions.m in Sources */,
				77952AFE16F979A10025F785 /* MKNetworkEngine.m in Sources */,
				77952AFF16F979A10025F785 /* MKNetworkOperation.m in Sources */,
				77952B0016F979A10025F785 /* Reachability.m in Sources */,
				776AE0D21753ABA20073351A /* Rensou.m in Sources */,
				776AE0D617599E500073351A /* RensouNetworkEngine.m in Sources */,
				7721570F1759FFDD00953C2B /* RensouCell.m in Sources */,
				77215714175A2CAE00953C2B /* UIColor+Hex.m in Sources */,
				777DF322176380F900AAF1C3 /* InfoPlistProperty.m in Sources */,
				777DF3251763FC1D00AAF1C3 /* RSNotification.m in Sources */,
				779B828A177F3D21002DB143 /* AppInfoViewController.m in Sources */,
				779B82A7178043EB002DB143 /* LicenseViewController.m in Sources */,
			);
			runOnlyForDeploymentPostprocessing = 0;
		};
		7746573216E34AF000ACD435 /* Sources */ = {
			isa = PBXSourcesBuildPhase;
			buildActionMask = 2147483647;
			files = (
				7746574616E34AF000ACD435 /* rensouTests.m in Sources */,
			);
			runOnlyForDeploymentPostprocessing = 0;
		};
/* End PBXSourcesBuildPhase section */

/* Begin PBXTargetDependency section */
		7746573D16E34AF000ACD435 /* PBXTargetDependency */ = {
			isa = PBXTargetDependency;
			target = 7746570F16E34AF000ACD435 /* rensou */;
			targetProxy = 7746573C16E34AF000ACD435 /* PBXContainerItemProxy */;
		};
/* End PBXTargetDependency section */

/* Begin PBXVariantGroup section */
		7746571D16E34AF000ACD435 /* InfoPlist.strings */ = {
			isa = PBXVariantGroup;
			children = (
				7746571E16E34AF000ACD435 /* en */,
			);
			name = InfoPlist.strings;
			sourceTree = "<group>";
		};
		7746574116E34AF000ACD435 /* InfoPlist.strings */ = {
			isa = PBXVariantGroup;
			children = (
				7746574216E34AF000ACD435 /* en */,
			);
			name = InfoPlist.strings;
			sourceTree = "<group>";
		};
/* End PBXVariantGroup section */

/* Begin XCBuildConfiguration section */
		7746574716E34AF000ACD435 /* Debug */ = {
			isa = XCBuildConfiguration;
			buildSettings = {
				ALWAYS_SEARCH_USER_PATHS = NO;
				CLANG_CXX_LANGUAGE_STANDARD = "gnu++0x";
				CLANG_CXX_LIBRARY = "libc++";
				CLANG_ENABLE_OBJC_ARC = YES;
				CLANG_WARN_EMPTY_BODY = YES;
				CLANG_WARN__DUPLICATE_METHOD_MATCH = YES;
				"CODE_SIGN_IDENTITY[sdk=iphoneos*]" = "iPhone Developer";
				COPY_PHASE_STRIP = NO;
				GCC_C_LANGUAGE_STANDARD = gnu99;
				GCC_DYNAMIC_NO_PIC = NO;
				GCC_OPTIMIZATION_LEVEL = 0;
				GCC_PREPROCESSOR_DEFINITIONS = (
					"DEBUG=1",
					"$(inherited)",
				);
				GCC_SYMBOLS_PRIVATE_EXTERN = NO;
				GCC_WARN_ABOUT_RETURN_TYPE = YES;
				GCC_WARN_UNINITIALIZED_AUTOS = YES;
				GCC_WARN_UNUSED_VARIABLE = YES;
				IPHONEOS_DEPLOYMENT_TARGET = 6.0;
				ONLY_ACTIVE_ARCH = YES;
				SDKROOT = iphoneos;
			};
			name = Debug;
		};
		7746574816E34AF000ACD435 /* Release */ = {
			isa = XCBuildConfiguration;
			buildSettings = {
				ALWAYS_SEARCH_USER_PATHS = NO;
				CLANG_CXX_LANGUAGE_STANDARD = "gnu++0x";
				CLANG_CXX_LIBRARY = "libc++";
				CLANG_ENABLE_OBJC_ARC = YES;
				CLANG_WARN_EMPTY_BODY = YES;
				CLANG_WARN__DUPLICATE_METHOD_MATCH = YES;
				"CODE_SIGN_IDENTITY[sdk=iphoneos*]" = "iPhone Developer";
				COPY_PHASE_STRIP = YES;
				GCC_C_LANGUAGE_STANDARD = gnu99;
				GCC_WARN_ABOUT_RETURN_TYPE = YES;
				GCC_WARN_UNINITIALIZED_AUTOS = YES;
				GCC_WARN_UNUSED_VARIABLE = YES;
				IPHONEOS_DEPLOYMENT_TARGET = 6.0;
				OTHER_CFLAGS = "-DNS_BLOCK_ASSERTIONS=1";
				SDKROOT = iphoneos;
				VALIDATE_PRODUCT = YES;
			};
			name = Release;
		};
		7746574A16E34AF000ACD435 /* Debug */ = {
			isa = XCBuildConfiguration;
			buildSettings = {
				CODE_SIGN_IDENTITY = "iPhone Developer: YUICHI KOBAYASHI (3XD53HY7MU)";
				"CODE_SIGN_IDENTITY[sdk=iphoneos*]" = "iPhone Developer: YUICHI KOBAYASHI (3XD53HY7MU)";
				GCC_PRECOMPILE_PREFIX_HEADER = YES;
				GCC_PREFIX_HEADER = "rensou/rensou-Prefix.pch";
				INFOPLIST_FILE = "rensou/rensou-Info.plist";
				IPHONEOS_DEPLOYMENT_TARGET = 6.0;
				LIBRARY_SEARCH_PATHS = (
					"$(inherited)",
					"\"$(SRCROOT)/rensou/ad/GoogleAdMobAdsSdkiOS-6.4.2/Add-ons/GoogleAnalyticsiOS_2.0beta4/Library\"",
					"\"$(SRCROOT)/rensou/ad/GoogleAdMobAdsSdkiOS-6.4.2\"",
				);
				OTHER_LDFLAGS = "-ObjC";
				PRODUCT_NAME = "$(TARGET_NAME)";
				PROVISIONING_PROFILE = "A36F88B6-CCE2-4852-A4CA-D0FB0FDDE971";
				"PROVISIONING_PROFILE[sdk=iphoneos*]" = "B50CDEF3-8D2E-4F0A-8BC9-631E2F02EECE";
				WRAPPER_EXTENSION = app;
			};
			name = Debug;
		};
		7746574B16E34AF000ACD435 /* Release */ = {
			isa = XCBuildConfiguration;
			buildSettings = {
				CODE_SIGN_IDENTITY = "iPhone Developer: YUICHI KOBAYASHI (3XD53HY7MU)";
				"CODE_SIGN_IDENTITY[sdk=iphoneos*]" = "iPhone Developer: YUICHI KOBAYASHI (3XD53HY7MU)";
				GCC_PRECOMPILE_PREFIX_HEADER = YES;
				GCC_PREFIX_HEADER = "rensou/rensou-Prefix.pch";
				INFOPLIST_FILE = "rensou/rensou-Info.plist";
				IPHONEOS_DEPLOYMENT_TARGET = 6.0;
				LIBRARY_SEARCH_PATHS = (
					"$(inherited)",
					"\"$(SRCROOT)/rensou/ad/GoogleAdMobAdsSdkiOS-6.4.2/Add-ons/GoogleAnalyticsiOS_2.0beta4/Library\"",
					"\"$(SRCROOT)/rensou/ad/GoogleAdMobAdsSdkiOS-6.4.2\"",
				);
				OTHER_LDFLAGS = "-ObjC";
				PRODUCT_NAME = "$(TARGET_NAME)";
				PROVISIONING_PROFILE = "A36F88B6-CCE2-4852-A4CA-D0FB0FDDE971";
				"PROVISIONING_PROFILE[sdk=iphoneos*]" = "B50CDEF3-8D2E-4F0A-8BC9-631E2F02EECE";
				WRAPPER_EXTENSION = app;
			};
			name = Release;
		};
		7746574D16E34AF000ACD435 /* Debug */ = {
			isa = XCBuildConfiguration;
			buildSettings = {
				BUNDLE_LOADER = "$(BUILT_PRODUCTS_DIR)/rensou.app/rensou";
				FRAMEWORK_SEARCH_PATHS = (
					"\"$(SDKROOT)/Developer/Library/Frameworks\"",
					"\"$(DEVELOPER_LIBRARY_DIR)/Frameworks\"",
				);
				GCC_PRECOMPILE_PREFIX_HEADER = YES;
				GCC_PREFIX_HEADER = "rensou/rensou-Prefix.pch";
				INFOPLIST_FILE = "rensouTests/rensouTests-Info.plist";
				PRODUCT_NAME = "$(TARGET_NAME)";
				TEST_HOST = "$(BUNDLE_LOADER)";
				WRAPPER_EXTENSION = octest;
			};
			name = Debug;
		};
		7746574E16E34AF000ACD435 /* Release */ = {
			isa = XCBuildConfiguration;
			buildSettings = {
				BUNDLE_LOADER = "$(BUILT_PRODUCTS_DIR)/rensou.app/rensou";
				FRAMEWORK_SEARCH_PATHS = (
					"\"$(SDKROOT)/Developer/Library/Frameworks\"",
					"\"$(DEVELOPER_LIBRARY_DIR)/Frameworks\"",
				);
				GCC_PRECOMPILE_PREFIX_HEADER = YES;
				GCC_PREFIX_HEADER = "rensou/rensou-Prefix.pch";
				INFOPLIST_FILE = "rensouTests/rensouTests-Info.plist";
				PRODUCT_NAME = "$(TARGET_NAME)";
				TEST_HOST = "$(BUNDLE_LOADER)";
				WRAPPER_EXTENSION = octest;
			};
			name = Release;
		};
/* End XCBuildConfiguration section */

/* Begin XCConfigurationList section */
		7746570A16E34AF000ACD435 /* Build configuration list for PBXProject "rensou" */ = {
			isa = XCConfigurationList;
			buildConfigurations = (
				7746574716E34AF000ACD435 /* Debug */,
				7746574816E34AF000ACD435 /* Release */,
			);
			defaultConfigurationIsVisible = 0;
			defaultConfigurationName = Release;
		};
		7746574916E34AF000ACD435 /* Build configuration list for PBXNativeTarget "rensou" */ = {
			isa = XCConfigurationList;
			buildConfigurations = (
				7746574A16E34AF000ACD435 /* Debug */,
				7746574B16E34AF000ACD435 /* Release */,
			);
			defaultConfigurationIsVisible = 0;
			defaultConfigurationName = Release;
		};
		7746574C16E34AF000ACD435 /* Build configuration list for PBXNativeTarget "rensouTests" */ = {
			isa = XCConfigurationList;
			buildConfigurations = (
				7746574D16E34AF000ACD435 /* Debug */,
				7746574E16E34AF000ACD435 /* Release */,
			);
			defaultConfigurationIsVisible = 0;
			defaultConfigurationName = Release;
		};
/* End XCConfigurationList section */
	};
	rootObject = 7746570716E34AF000ACD435 /* Project object */;
}
